github.com/Abirdcfly/dupword v0.1.8/go.mod h1:XZrhVnI7YGpsTiWZANSQaBJ4QpL/Tq5vIEdKJJAs9WI=
github.com/butuzov/mirror v1.3.3/go.mod h1:h9BzzwYnTiHO0GzgvaTqIg7VSsOUhdIv51cHFFBmX1w=
golang.org/x/mod v0.36.0/go.mod h1:moc6ELqsWcOw5Ef3xVprK5ul/MvtVvkIXLziUOICjUQ=
golang.org/x/sync v0.20.0/go.mod h1:9xrNwdLfx4jkKbNva9FpL6vEN7evnE43NNNJQ2LF3+0=
golang.org/x/tools v0.45.0/go.mod h1:LuUGqqaXcXMEFEruIVJVm5mgDD8vww/z/SR1gQ4uE/0=
